
Microsoft Visual Studio Solution File, Format Version 12.00
# Visual Studio Version 17
VisualStudioVersion = 17.1.32421.90
MinimumVisualStudioVersion = 10.0.40219.1
Project("{9A19103F-16F7-4668-BE54-9A1E7A4F7556}") = "Atacado.FakeDB", "Atacado.FakeDB\Atacado.FakeDB.csproj", "{4B8844CB-30B8-46C3-B378-CBC87EE80A63}"
EndProject
Project("{9A19103F-16F7-4668-BE54-9A1E7A4F7556}") = "AtacadoWinApp", "AtacadoWinApp\AtacadoWinApp.csproj", "{F38D379D-F89C-4BB3-ADA2-394225316D8E}"
EndProject
Project("{9A19103F-16F7-4668-BE54-9A1E7A4F7556}") = "DesafiosDaGripe01", "DesafiosDaGripe01\DesafiosDaGripe01.csproj", "{1C633EC9-7705-4BAE-966F-52BFFEFA6D77}"
EndProject
Project("{9A19103F-16F7-4668-BE54-9A1E7A4F7556}") = "Atacado.DAL", "Atacado.DAL\Atacado.DAL.csproj", "{39E7F628-1187-43AB-8DD7-C2D2CE4186B3}"
EndProject
Project("{9A19103F-16F7-4668-BE54-9A1E7A4F7556}") = "TesteAtacadoDAL", "TesteAtacadoDAL\TesteAtacadoDAL.csproj", "{5AD11488-59A2-4740-B9BE-68501A210F47}"
EndProject
Project("{9A19103F-16F7-4668-BE54-9A1E7A4F7556}") = "Atacado.POCO", "Atacado.POCO\Atacado.POCO.csproj", "{90B97D81-7ED9-4293-B390-77C96CB68569}"
EndProject
Project("{9A19103F-16F7-4668-BE54-9A1E7A4F7556}") = "Atacado.Map", "Atacado.Map\Atacado.Map.csproj", "{8E664CE3-DA81-44F4-9C03-0B197393953D}"
EndProject
Project("{9A19103F-16F7-4668-BE54-9A1E7A4F7556}") = "TesteAtacadoMap", "TesteAtacadoMap\TesteAtacadoMap.csproj", "{16518FC9-10C2-461E-A501-95EECE2712DB}"
EndProject
Project("{2150E333-8FDC-42A3-9474-1A3956D46DE8}") = "1- Front", "1- Front", "{53B67995-3FE6-44E9-8FB0-00C6C9C7948E}"
EndProject
Project("{2150E333-8FDC-42A3-9474-1A3956D46DE8}") = "2- Services", "2- Services", "{E2163355-BD98-4DF7-842A-B9806FD8BF08}"
EndProject
Project("{2150E333-8FDC-42A3-9474-1A3956D46DE8}") = "3- DAL", "3- DAL", "{06F1C0D9-CB97-47E2-94EE-F6B31FAF14DE}"
EndProject
Project("{9A19103F-16F7-4668-BE54-9A1E7A4F7556}") = "Atacado.Domain", "Atacado.Domain\Atacado.Domain.csproj", "{1AD66AB2-12F3-43DA-AB53-E6E307CECC79}"
EndProject
Project("{9A19103F-16F7-4668-BE54-9A1E7A4F7556}") = "Atacado.Service", "Atacado.Service\Atacado.Service.csproj", "{7F73BBAE-BA8D-4EEA-90AE-54704EE07890}"
EndProject
Project("{FAE04EC0-301F-11D3-BF4B-00C04F79EFBC}") = "Atacado.Business", "Atacado.Business\Atacado.Business.csproj", "{4C311636-6D98-462A-950E-6C2ABCAD05D2}"
EndProject
Global
	GlobalSection(SolutionConfigurationPlatforms) = preSolution
		Debug|Any CPU = Debug|Any CPU
		Release|Any CPU = Release|Any CPU
	EndGlobalSection
	GlobalSection(ProjectConfigurationPlatforms) = postSolution
		{4B8844CB-30B8-46C3-B378-CBC87EE80A63}.Debug|Any CPU.ActiveCfg = Debug|Any CPU
		{4B8844CB-30B8-46C3-B378-CBC87EE80A63}.Debug|Any CPU.Build.0 = Debug|Any CPU
		{4B8844CB-30B8-46C3-B378-CBC87EE80A63}.Release|Any CPU.ActiveCfg = Release|Any CPU
		{4B8844CB-30B8-46C3-B378-CBC87EE80A63}.Release|Any CPU.Build.0 = Release|Any CPU
		{F38D379D-F89C-4BB3-ADA2-394225316D8E}.Debug|Any CPU.ActiveCfg = Debug|Any CPU
		{F38D379D-F89C-4BB3-ADA2-394225316D8E}.Debug|Any CPU.Build.0 = Debug|Any CPU
		{F38D379D-F89C-4BB3-ADA2-394225316D8E}.Release|Any CPU.ActiveCfg = Release|Any CPU
		{F38D379D-F89C-4BB3-ADA2-394225316D8E}.Release|Any CPU.Build.0 = Release|Any CPU
		{1C633EC9-7705-4BAE-966F-52BFFEFA6D77}.Debug|Any CPU.ActiveCfg = Debug|Any CPU
		{1C633EC9-7705-4BAE-966F-52BFFEFA6D77}.Debug|Any CPU.Build.0 = Debug|Any CPU
		{1C633EC9-7705-4BAE-966F-52BFFEFA6D77}.Release|Any CPU.ActiveCfg = Release|Any CPU
		{1C633EC9-7705-4BAE-966F-52BFFEFA6D77}.Release|Any CPU.Build.0 = Release|Any CPU
		{39E7F628-1187-43AB-8DD7-C2D2CE4186B3}.Debug|Any CPU.ActiveCfg = Debug|Any CPU
		{39E7F628-1187-43AB-8DD7-C2D2CE4186B3}.Debug|Any CPU.Build.0 = Debug|Any CPU
		{39E7F628-1187-43AB-8DD7-C2D2CE4186B3}.Release|Any CPU.ActiveCfg = Release|Any CPU
		{39E7F628-1187-43AB-8DD7-C2D2CE4186B3}.Release|Any CPU.Build.0 = Release|Any CPU
		{5AD11488-59A2-4740-B9BE-68501A210F47}.Debug|Any CPU.ActiveCfg = Debug|Any CPU
		{5AD11488-59A2-4740-B9BE-68501A210F47}.Debug|Any CPU.Build.0 = Debug|Any CPU
		{5AD11488-59A2-4740-B9BE-68501A210F47}.Release|Any CPU.ActiveCfg = Release|Any CPU
		{5AD11488-59A2-4740-B9BE-68501A210F47}.Release|Any CPU.Build.0 = Release|Any CPU
		{90B97D81-7ED9-4293-B390-77C96CB68569}.Debug|Any CPU.ActiveCfg = Debug|Any CPU
		{90B97D81-7ED9-4293-B390-77C96CB68569}.Debug|Any CPU.Build.0 = Debug|Any CPU
		{90B97D81-7ED9-4293-B390-77C96CB68569}.Release|Any CPU.ActiveCfg = Release|Any CPU
		{90B97D81-7ED9-4293-B390-77C96CB68569}.Release|Any CPU.Build.0 = Release|Any CPU
		{8E664CE3-DA81-44F4-9C03-0B197393953D}.Debug|Any CPU.ActiveCfg = Debug|Any CPU
		{8E664CE3-DA81-44F4-9C03-0B197393953D}.Debug|Any CPU.Build.0 = Debug|Any CPU
		{8E664CE3-DA81-44F4-9C03-0B197393953D}.Release|Any CPU.ActiveCfg = Release|Any CPU
		{8E664CE3-DA81-44F4-9C03-0B197393953D}.Release|Any CPU.Build.0 = Release|Any CPU
		{16518FC9-10C2-461E-A501-95EECE2712DB}.Debug|Any CPU.ActiveCfg = Debug|Any CPU
		{16518FC9-10C2-461E-A501-95EECE2712DB}.Debug|Any CPU.Build.0 = Debug|Any CPU
		{16518FC9-10C2-461E-A501-95EECE2712DB}.Release|Any CPU.ActiveCfg = Release|Any CPU
		{16518FC9-10C2-461E-A501-95EECE2712DB}.Release|Any CPU.Build.0 = Release|Any CPU
		{1AD66AB2-12F3-43DA-AB53-E6E307CECC79}.Debug|Any CPU.ActiveCfg = Debug|Any CPU
		{1AD66AB2-12F3-43DA-AB53-E6E307CECC79}.Debug|Any CPU.Build.0 = Debug|Any CPU
		{1AD66AB2-12F3-43DA-AB53-E6E307CECC79}.Release|Any CPU.ActiveCfg = Release|Any CPU
		{1AD66AB2-12F3-43DA-AB53-E6E307CECC79}.Release|Any CPU.Build.0 = Release|Any CPU
		{7F73BBAE-BA8D-4EEA-90AE-54704EE07890}.Debug|Any CPU.ActiveCfg = Debug|Any CPU
		{7F73BBAE-BA8D-4EEA-90AE-54704EE07890}.Debug|Any CPU.Build.0 = Debug|Any CPU
		{7F73BBAE-BA8D-4EEA-90AE-54704EE07890}.Release|Any CPU.ActiveCfg = Release|Any CPU
		{7F73BBAE-BA8D-4EEA-90AE-54704EE07890}.Release|Any CPU.Build.0 = Release|Any CPU
		{4C311636-6D98-462A-950E-6C2ABCAD05D2}.Debug|Any CPU.ActiveCfg = Debug|Any CPU
		{4C311636-6D98-462A-950E-6C2ABCAD05D2}.Debug|Any CPU.Build.0 = Debug|Any CPU
		{4C311636-6D98-462A-950E-6C2ABCAD05D2}.Release|Any CPU.ActiveCfg = Release|Any CPU
		{4C311636-6D98-462A-950E-6C2ABCAD05D2}.Release|Any CPU.Build.0 = Release|Any CPU
	EndGlobalSection
	GlobalSection(SolutionProperties) = preSolution
		HideSolutionNode = FALSE
	EndGlobalSection
	GlobalSection(NestedProjects) = preSolution
		{4B8844CB-30B8-46C3-B378-CBC87EE80A63} = {06F1C0D9-CB97-47E2-94EE-F6B31FAF14DE}
		{F38D379D-F89C-4BB3-ADA2-394225316D8E} = {53B67995-3FE6-44E9-8FB0-00C6C9C7948E}
		{1C633EC9-7705-4BAE-966F-52BFFEFA6D77} = {53B67995-3FE6-44E9-8FB0-00C6C9C7948E}
		{39E7F628-1187-43AB-8DD7-C2D2CE4186B3} = {06F1C0D9-CB97-47E2-94EE-F6B31FAF14DE}
		{5AD11488-59A2-4740-B9BE-68501A210F47} = {53B67995-3FE6-44E9-8FB0-00C6C9C7948E}
		{90B97D81-7ED9-4293-B390-77C96CB68569} = {E2163355-BD98-4DF7-842A-B9806FD8BF08}
		{8E664CE3-DA81-44F4-9C03-0B197393953D} = {E2163355-BD98-4DF7-842A-B9806FD8BF08}
		{16518FC9-10C2-461E-A501-95EECE2712DB} = {53B67995-3FE6-44E9-8FB0-00C6C9C7948E}
		{1AD66AB2-12F3-43DA-AB53-E6E307CECC79} = {06F1C0D9-CB97-47E2-94EE-F6B31FAF14DE}
		{7F73BBAE-BA8D-4EEA-90AE-54704EE07890} = {E2163355-BD98-4DF7-842A-B9806FD8BF08}
		{4C311636-6D98-462A-950E-6C2ABCAD05D2} = {E2163355-BD98-4DF7-842A-B9806FD8BF08}
	EndGlobalSection
	GlobalSection(ExtensibilityGlobals) = postSolution
		SolutionGuid = {57D93A1E-BEBF-4509-81FA-BC2F084505FF}
	EndGlobalSection
EndGlobal
